
Microsoft Visual Studio Solution File, Format Version 12.00
# Visual Studio Version 16
VisualStudioVersion = 16.0.29613.14
MinimumVisualStudioVersion = 10.0.40219.1
Project("{FAE04EC0-301F-11D3-BF4B-00C04F79EFBC}") = "MD2DBFromExcel", "MD2DBFromExcel.csproj", "{29E1A9D4-E4C6-4EF6-8BB4-B0D6C17397EB}"
EndProject
Project("{FAE04EC0-301F-11D3-BF4B-00C04F79EFBC}") = "MD2DBFromExcel.Domain", "..\MD2DBFromExcel.Domain\MD2DBFromExcel.Domain.csproj", "{DA11DA74-5949-4C59-989A-E4A2C853D52D}"
EndProject
Project("{FAE04EC0-301F-11D3-BF4B-00C04F79EFBC}") = "MD2DBFromExcel.Infrastructure", "..\MD2DBFromExcel.Infrastructure\MD2DBFromExcel.Infrastructure.csproj", "{17A1DAA3-17E6-4AF6-A9FE-4854E4FB9DB5}"
EndProject
Global
	GlobalSection(SolutionConfigurationPlatforms) = preSolution
		Debug|Any CPU = Debug|Any CPU
		Release|Any CPU = Release|Any CPU
	EndGlobalSection
	GlobalSection(ProjectConfigurationPlatforms) = postSolution
		{29E1A9D4-E4C6-4EF6-8BB4-B0D6C17397EB}.Debug|Any CPU.ActiveCfg = Debug|Any CPU
		{29E1A9D4-E4C6-4EF6-8BB4-B0D6C17397EB}.Debug|Any CPU.Build.0 = Debug|Any CPU
		{29E1A9D4-E4C6-4EF6-8BB4-B0D6C17397EB}.Release|Any CPU.ActiveCfg = Release|Any CPU
		{29E1A9D4-E4C6-4EF6-8BB4-B0D6C17397EB}.Release|Any CPU.Build.0 = Release|Any CPU
		{DA11DA74-5949-4C59-989A-E4A2C853D52D}.Debug|Any CPU.ActiveCfg = Debug|Any CPU
		{DA11DA74-5949-4C59-989A-E4A2C853D52D}.Debug|Any CPU.Build.0 = Debug|Any CPU
		{DA11DA74-5949-4C59-989A-E4A2C853D52D}.Release|Any CPU.ActiveCfg = Release|Any CPU
		{DA11DA74-5949-4C59-989A-E4A2C853D52D}.Release|Any CPU.Build.0 = Release|Any CPU
		{17A1DAA3-17E6-4AF6-A9FE-4854E4FB9DB5}.Debug|Any CPU.ActiveCfg = Debug|Any CPU
		{17A1DAA3-17E6-4AF6-A9FE-4854E4FB9DB5}.Debug|Any CPU.Build.0 = Debug|Any CPU
		{17A1DAA3-17E6-4AF6-A9FE-4854E4FB9DB5}.Release|Any CPU.ActiveCfg = Release|Any CPU
		{17A1DAA3-17E6-4AF6-A9FE-4854E4FB9DB5}.Release|Any CPU.Build.0 = Release|Any CPU
	EndGlobalSection
	GlobalSection(SolutionProperties) = preSolution
		HideSolutionNode = FALSE
	EndGlobalSection
	GlobalSection(ExtensibilityGlobals) = postSolution
		SolutionGuid = {AFCE3612-EEBC-4266-9689-E98827FA098C}
	EndGlobalSection
EndGlobal
